
Microsoft Visual Studio Solution File, Format Version 12.00
# Visual Studio 14
VisualStudioVersion = 14.0.24720.0
MinimumVisualStudioVersion = 10.0.40219.1
Project("{FAE04EC0-301F-11D3-BF4B-00C04F79EFBC}") = "SINHA.MEDLAR.ERP.UI", "SINHA.MEDLAR.ERP.UI\SINHA.MEDLAR.ERP.UI.csproj", "{7E46EEAA-AAE0-4A0A-900F-CCE9FD4EA14C}"
	ProjectSection(ProjectDependencies) = postProject
		{BF742D4A-E750-4040-ADE0-78EE19933B9A} = {BF742D4A-E750-4040-ADE0-78EE19933B9A}
		{9B8020D5-5AE9-4AF7-9F82-23E63043778E} = {9B8020D5-5AE9-4AF7-9F82-23E63043778E}
	EndProjectSection
EndProject
Project("{FAE04EC0-301F-11D3-BF4B-00C04F79EFBC}") = "SINHA.MEDLAR.ERP.DTO", "SINHA.MEDLAR.ERP.DTO\SINHA.MEDLAR.ERP.DTO.csproj", "{2C2E9B59-0094-4FCD-9DF6-7E8DEDBFD491}"
EndProject
Project("{FAE04EC0-301F-11D3-BF4B-00C04F79EFBC}") = "SINHA.MEDLAR.ERP.BLL", "SINHA.MEDLAR.ERP.BLL\SINHA.MEDLAR.ERP.BLL.csproj", "{4E6D2389-4325-4693-8CE7-6EB6DEF1261F}"
EndProject
Project("{FAE04EC0-301F-11D3-BF4B-00C04F79EFBC}") = "SINHA.MEDLAR.ERP.DAL", "SINHA.MEDLAR.ERP.DAL\SINHA.MEDLAR.ERP.DAL.csproj", "{9B8020D5-5AE9-4AF7-9F82-23E63043778E}"
EndProject
Project("{FAE04EC0-301F-11D3-BF4B-00C04F79EFBC}") = "SINHA.MEDLAR.ERP.DBMANAGER", "SINHA.MEDLAR.ERP.DBMANAGER\SINHA.MEDLAR.ERP.DBMANAGER.csproj", "{A85713A2-E9B4-422D-BD6E-852CF445B0C6}"
EndProject
Project("{FAE04EC0-301F-11D3-BF4B-00C04F79EFBC}") = "SINHA.MEDLAR.ERP.COMMON", "SINHA.MEDLAR.ERP.COMMON\SINHA.MEDLAR.ERP.COMMON.csproj", "{BF742D4A-E750-4040-ADE0-78EE19933B9A}"
EndProject
Global
	GlobalSection(SolutionConfigurationPlatforms) = preSolution
		Debug|Any CPU = Debug|Any CPU
		Release|Any CPU = Release|Any CPU
	EndGlobalSection
	GlobalSection(ProjectConfigurationPlatforms) = postSolution
		{7E46EEAA-AAE0-4A0A-900F-CCE9FD4EA14C}.Debug|Any CPU.ActiveCfg = Debug|Any CPU
		{7E46EEAA-AAE0-4A0A-900F-CCE9FD4EA14C}.Debug|Any CPU.Build.0 = Debug|Any CPU
		{7E46EEAA-AAE0-4A0A-900F-CCE9FD4EA14C}.Release|Any CPU.ActiveCfg = Release|Any CPU
		{7E46EEAA-AAE0-4A0A-900F-CCE9FD4EA14C}.Release|Any CPU.Build.0 = Release|Any CPU
		{2C2E9B59-0094-4FCD-9DF6-7E8DEDBFD491}.Debug|Any CPU.ActiveCfg = Debug|Any CPU
		{2C2E9B59-0094-4FCD-9DF6-7E8DEDBFD491}.Debug|Any CPU.Build.0 = Debug|Any CPU
		{2C2E9B59-0094-4FCD-9DF6-7E8DEDBFD491}.Release|Any CPU.ActiveCfg = Release|Any CPU
		{2C2E9B59-0094-4FCD-9DF6-7E8DEDBFD491}.Release|Any CPU.Build.0 = Release|Any CPU
		{4E6D2389-4325-4693-8CE7-6EB6DEF1261F}.Debug|Any CPU.ActiveCfg = Debug|Any CPU
		{4E6D2389-4325-4693-8CE7-6EB6DEF1261F}.Debug|Any CPU.Build.0 = Debug|Any CPU
		{4E6D2389-4325-4693-8CE7-6EB6DEF1261F}.Release|Any CPU.ActiveCfg = Release|Any CPU
		{4E6D2389-4325-4693-8CE7-6EB6DEF1261F}.Release|Any CPU.Build.0 = Release|Any CPU
		{9B8020D5-5AE9-4AF7-9F82-23E63043778E}.Debug|Any CPU.ActiveCfg = Debug|Any CPU
		{9B8020D5-5AE9-4AF7-9F82-23E63043778E}.Debug|Any CPU.Build.0 = Debug|Any CPU
		{9B8020D5-5AE9-4AF7-9F82-23E63043778E}.Release|Any CPU.ActiveCfg = Release|Any CPU
		{9B8020D5-5AE9-4AF7-9F82-23E63043778E}.Release|Any CPU.Build.0 = Release|Any CPU
		{A85713A2-E9B4-422D-BD6E-852CF445B0C6}.Debug|Any CPU.ActiveCfg = Debug|Any CPU
		{A85713A2-E9B4-422D-BD6E-852CF445B0C6}.Debug|Any CPU.Build.0 = Debug|Any CPU
		{A85713A2-E9B4-422D-BD6E-852CF445B0C6}.Release|Any CPU.ActiveCfg = Release|Any CPU
		{A85713A2-E9B4-422D-BD6E-852CF445B0C6}.Release|Any CPU.Build.0 = Release|Any CPU
		{BF742D4A-E750-4040-ADE0-78EE19933B9A}.Debug|Any CPU.ActiveCfg = Debug|Any CPU
		{BF742D4A-E750-4040-ADE0-78EE19933B9A}.Debug|Any CPU.Build.0 = Debug|Any CPU
		{BF742D4A-E750-4040-ADE0-78EE19933B9A}.Release|Any CPU.ActiveCfg = Release|Any CPU
		{BF742D4A-E750-4040-ADE0-78EE19933B9A}.Release|Any CPU.Build.0 = Release|Any CPU
	EndGlobalSection
	GlobalSection(SolutionProperties) = preSolution
		HideSolutionNode = FALSE
	EndGlobalSection
	GlobalSection(TeamFoundationVersionControl) = preSolution
		SccNumberOfProjects = 7
		SccEnterpriseProvider = {4CA58AB2-18FA-4F8D-95D4-32DDF27D184C}
		SccTeamFoundationServer = https://sinharepo.visualstudio.com/
		SccLocalPath0 = .
		SccProjectUniqueName1 = SINHA.MEDLAR.ERP.BLL\\SINHA.MEDLAR.ERP.BLL.csproj
		SccProjectName1 = SINHA.MEDLAR.ERP.BLL
		SccLocalPath1 = SINHA.MEDLAR.ERP.BLL
		SccProjectUniqueName2 = SINHA.MEDLAR.ERP.COMMON\\SINHA.MEDLAR.ERP.COMMON.csproj
		SccProjectName2 = SINHA.MEDLAR.ERP.COMMON
		SccLocalPath2 = SINHA.MEDLAR.ERP.COMMON
		SccProjectUniqueName3 = SINHA.MEDLAR.ERP.DAL\\SINHA.MEDLAR.ERP.DAL.csproj
		SccProjectName3 = SINHA.MEDLAR.ERP.DAL
		SccLocalPath3 = SINHA.MEDLAR.ERP.DAL
		SccProjectUniqueName4 = SINHA.MEDLAR.ERP.DBMANAGER\\SINHA.MEDLAR.ERP.DBMANAGER.csproj
		SccProjectName4 = SINHA.MEDLAR.ERP.DBMANAGER
		SccLocalPath4 = SINHA.MEDLAR.ERP.DBMANAGER
		SccProjectUniqueName5 = SINHA.MEDLAR.ERP.DTO\\SINHA.MEDLAR.ERP.DTO.csproj
		SccProjectName5 = SINHA.MEDLAR.ERP.DTO
		SccLocalPath5 = SINHA.MEDLAR.ERP.DTO
		SccProjectUniqueName6 = SINHA.MEDLAR.ERP.UI\\SINHA.MEDLAR.ERP.UI.csproj
		SccProjectName6 = SINHA.MEDLAR.ERP.UI
		SccLocalPath6 = SINHA.MEDLAR.ERP.UI
	EndGlobalSection
EndGlobal
